github.com/goburrow/modbus v0.1.0 h1:DejRZY73nEM6+bt5JSP6IsFolJ9dVcqxsYbpLbeW/ro=
github.com/goburrow/modbus v0.1.0/go.mod h1:Kx552D5rLIS8E7TyUwQ/UdHEqvX5T8tyiGBTlzMcZBg=
github.com/goburrow/serial v0.1.0 h1:v2T1SQa/dlUqQiYIT8+Cu7YolfqAi3K96UmhwYyuSrA=
github.com/goburrow/serial v0.1.0/go.mod h1:sAiqG0nRVswsm1C97xsttiYCzSLBmUZ/VSlVLZJ8haA=
github.com/tbrandon/mbserver v0.0.0-20211210035124-daf3c8c4269f h1:RSsPHbWJpo/IaGb+7S7hNIQtuLfli2kIi97clK7BW/o=
github.com/tbrandon/mbserver v0.0.0-20211210035124-daf3c8c4269f/go.mod h1:qUzPVlSj2UgxJkVbH0ZwuuiR46U8RBMDT5KLY78Ifpw=
